
Microsoft Visual Studio Solution File, Format Version 12.00
# Visual Studio Version 17
VisualStudioVersion = 17.10.35027.167
MinimumVisualStudioVersion = 10.0.40219.1
Project("{FAE04EC0-301F-11D3-BF4B-00C04F79EFBC}") = "day2", "day2\day2.csproj", "{31E59DE9-95CB-45E3-8D8E-B20ED382C0A5}"
EndProject
Global
	GlobalSection(SolutionConfigurationPlatforms) = preSolution
		Debug|Any CPU = Debug|Any CPU
		Release|Any CPU = Release|Any CPU
	EndGlobalSection
	GlobalSection(ProjectConfigurationPlatforms) = postSolution
		{31E59DE9-95CB-45E3-8D8E-B20ED382C0A5}.Debug|Any CPU.ActiveCfg = Debug|Any CPU
		{31E59DE9-95CB-45E3-8D8E-B20ED382C0A5}.Debug|Any CPU.Build.0 = Debug|Any CPU
		{31E59DE9-95CB-45E3-8D8E-B20ED382C0A5}.Release|Any CPU.ActiveCfg = Release|Any CPU
		{31E59DE9-95CB-45E3-8D8E-B20ED382C0A5}.Release|Any CPU.Build.0 = Release|Any CPU
	EndGlobalSection
	GlobalSection(SolutionProperties) = preSolution
		HideSolutionNode = FALSE
	EndGlobalSection
	GlobalSection(ExtensibilityGlobals) = postSolution
		SolutionGuid = {1045D471-F77E-4239-977F-4447625878A7}
	EndGlobalSection
EndGlobal
